// !$*UTF8*$!
{
	archiveVersion = 1;
	classes = {
	};
	objectVersion = 52;
	objects = {

/* Begin PBXBuildFile section */
		C17205E324B8EE3D0058A6A6 /* AppDelegate.swift in Sources */ = {isa = PBXBuildFile; fileRef = C17205E224B8EE3D0058A6A6 /* AppDelegate.swift */; };
		C17205E724B8EE3D0058A6A6 /* ViewController.swift in Sources */ = {isa = PBXBuildFile; fileRef = C17205E624B8EE3D0058A6A6 /* ViewController.swift */; };
		C17205EA24B8EE3D0058A6A6 /* Main.storyboard in Resources */ = {isa = PBXBuildFile; fileRef = C17205E824B8EE3D0058A6A6 /* Main.storyboard */; };
		C17205EC24B8EE400058A6A6 /* Assets.xcassets in Resources */ = {isa = PBXBuildFile; fileRef = C17205EB24B8EE400058A6A6 /* Assets.xcassets */; };
		C17205EF24B8EE400058A6A6 /* LaunchScreen.storyboard in Resources */ = {isa = PBXBuildFile; fileRef = C17205ED24B8EE400058A6A6 /* LaunchScreen.storyboard */; };
		C17205F724B8EE740058A6A6 /* SwipeShrink.swift in Sources */ = {isa = PBXBuildFile; fileRef = C17205F624B8EE740058A6A6 /* SwipeShrink.swift */; };
		C17205FA24B8F5680058A6A6 /* SnapKit in Frameworks */ = {isa = PBXBuildFile; productRef = C17205F924B8F5680058A6A6 /* SnapKit */; };
		C17205FC24B8FC070058A6A6 /* bayw-HD.mp4 in Resources */ = {isa = PBXBuildFile; fileRef = C17205FB24B8F8670058A6A6 /* bayw-HD.mp4 */; };
/* End PBXBuildFile section */

/* Begin PBXFileReference section */
		C17205DF24B8EE3D0058A6A6 /* SwipeShrinkExample.app */ = {isa = PBXFileReference; explicitFileType = wrapper.application; includeInIndex = 0; path = SwipeShrinkExample.app; sourceTree = BUILT_PRODUCTS_DIR; };
		C17205E224B8EE3D0058A6A6 /* AppDelegate.swift */ = {isa = PBXFileReference; lastKnownFileType = sourcecode.swift; path = AppDelegate.swift; sourceTree = "<group>"; };
		C17205E624B8EE3D0058A6A6 /* ViewController.swift */ = {isa = PBXFileReference; lastKnownFileType = sourcecode.swift; path = ViewController.swift; sourceTree = "<group>"; };
		C17205E924B8EE3D0058A6A6 /* Base */ = {isa = PBXFileReference; lastKnownFileType = file.storyboard; name = Base; path = Base.lproj/Main.storyboard; sourceTree = "<group>"; };
		C17205EB24B8EE400058A6A6 /* Assets.xcassets */ = {isa = PBXFileReference; lastKnownFileType = folder.assetcatalog; path = Assets.xcassets; sourceTree = "<group>"; };
		C17205EE24B8EE400058A6A6 /* Base */ = {isa = PBXFileReference; lastKnownFileType = file.storyboard; name = Base; path = Base.lproj/LaunchScreen.storyboard; sourceTree = "<group>"; };
		C17205F024B8EE400058A6A6 /* Info.plist */ = {isa = PBXFileReference; lastKnownFileType = text.plist.xml; path = Info.plist; sourceTree = "<group>"; };
		C17205F624B8EE740058A6A6 /* SwipeShrink.swift */ = {isa = PBXFileReference; fileEncoding = 4; lastKnownFileType = sourcecode.swift; path = SwipeShrink.swift; sourceTree = "<group>"; };
		C17205FB24B8F8670058A6A6 /* bayw-HD.mp4 */ = {isa = PBXFileReference; lastKnownFileType = file; path = "bayw-HD.mp4"; sourceTree = "<group>"; };
/* End PBXFileReference section */

/* Begin PBXFrameworksBuildPhase section */
		C17205DC24B8EE3D0058A6A6 /* Frameworks */ = {
			isa = PBXFrameworksBuildPhase;
			buildActionMask = 2147483647;
			files = (
				C17205FA24B8F5680058A6A6 /* SnapKit in Frameworks */,
			);
			runOnlyForDeploymentPostprocessing = 0;
		};
/* End PBXFrameworksBuildPhase section */

/* Begin PBXGroup section */
		C17205D624B8EE3D0058A6A6 = {
			isa = PBXGroup;
			children = (
				C17205E124B8EE3D0058A6A6 /* SwipeShrinkExample */,
				C17205E024B8EE3D0058A6A6 /* Products */,
			);
			sourceTree = "<group>";
		};
		C17205E024B8EE3D0058A6A6 /* Products */ = {
			isa = PBXGroup;
			children = (
				C17205DF24B8EE3D0058A6A6 /* SwipeShrinkExample.app */,
			);
			name = Products;
			sourceTree = "<group>";
		};
		C17205E124B8EE3D0058A6A6 /* SwipeShrinkExample */ = {
			isa = PBXGroup;
			children = (
				C17205E224B8EE3D0058A6A6 /* AppDelegate.swift */,
				C17205E624B8EE3D0058A6A6 /* ViewController.swift */,
				C17205FB24B8F8670058A6A6 /* bayw-HD.mp4 */,
				C17205F624B8EE740058A6A6 /* SwipeShrink.swift */,
				C17205E824B8EE3D0058A6A6 /* Main.storyboard */,
				C17205EB24B8EE400058A6A6 /* Assets.xcassets */,
				C17205ED24B8EE400058A6A6 /* LaunchScreen.storyboard */,
				C17205F024B8EE400058A6A6 /* Info.plist */,
			);
			path = SwipeShrinkExample;
			sourceTree = "<group>";
		};
/* End PBXGroup section */

/* Begin PBXNativeTarget section */
		C17205DE24B8EE3D0058A6A6 /* SwipeShrinkExample */ = {
			isa = PBXNativeTarget;
			buildConfigurationList = C17205F324B8EE400058A6A6 /* Build configuration list for PBXNativeTarget "SwipeShrinkExample" */;
			buildPhases = (
				C17205DB24B8EE3D0058A6A6 /* Sources */,
				C17205DC24B8EE3D0058A6A6 /* Frameworks */,
				C17205DD24B8EE3D0058A6A6 /* Resources */,
			);
			buildRules = (
			);
			dependencies = (
			);
			name = SwipeShrinkExample;
			packageProductDependencies = (
				C17205F924B8F5680058A6A6 /* SnapKit */,
			);
			productName = SwipeShrinkExample;
			productReference = C17205DF24B8EE3D0058A6A6 /* SwipeShrinkExample.app */;
			productType = "com.apple.product-type.application";
		};
/* End PBXNativeTarget section */

/* Begin PBXProject section */
		C17205D724B8EE3D0058A6A6 /* Project object */ = {
			isa = PBXProject;
			attributes = {
				LastSwiftUpdateCheck = 1120;
				LastUpgradeCheck = 1120;
				ORGANIZATIONNAME = "Mücahid Eyvaz";
				TargetAttributes = {
					C17205DE24B8EE3D0058A6A6 = {
						CreatedOnToolsVersion = 11.2.1;
					};
				};
			};
			buildConfigurationList = C17205DA24B8EE3D0058A6A6 /* Build configuration list for PBXProject "SwipeShrinkExample" */;
			compatibilityVersion = "Xcode 9.3";
			developmentRegion = en;
			hasScannedForEncodings = 0;
			knownRegions = (
				en,
				Base,
			);
			mainGroup = C17205D624B8EE3D0058A6A6;
			packageReferences = (
				C17205F824B8F5680058A6A6 /* XCRemoteSwiftPackageReference "SnapKit" */,
			);
			productRefGroup = C17205E024B8EE3D0058A6A6 /* Products */;
			projectDirPath = "";
			projectRoot = "";
			targets = (
				C17205DE24B8EE3D0058A6A6 /* SwipeShrinkExample */,
			);
		};
/* End PBXProject section */

/* Begin PBXResourcesBuildPhase section */
		C17205DD24B8EE3D0058A6A6 /* Resources */ = {
			isa = PBXResourcesBuildPhase;
			buildActionMask = 2147483647;
			files = (
				C17205EF24B8EE400058A6A6 /* LaunchScreen.storyboard in Resources */,
				C17205EC24B8EE400058A6A6 /* Assets.xcassets in Resources */,
				C17205FC24B8FC070058A6A6 /* bayw-HD.mp4 in Resources */,
				C17205EA24B8EE3D0058A6A6 /* Main.storyboard in Resources */,
			);
			runOnlyForDeploymentPostprocessing = 0;
		};
/* End PBXResourcesBuildPhase section */

/* Begin PBXSourcesBuildPhase section */
		C17205DB24B8EE3D0058A6A6 /* Sources */ = {
			isa = PBXSourcesBuildPhase;
			buildActionMask = 2147483647;
			files = (
				C17205E724B8EE3D0058A6A6 /* ViewController.swift in Sources */,
				C17205F724B8EE740058A6A6 /* SwipeShrink.swift in Sources */,
				C17205E324B8EE3D0058A6A6 /* AppDelegate.swift in Sources */,
			);
			runOnlyForDeploymentPostprocessing = 0;
		};
/* End PBXSourcesBuildPhase section */

/* Begin PBXVariantGroup section */
		C17205E824B8EE3D0058A6A6 /* Main.storyboard */ = {
			isa = PBXVariantGroup;
			children = (
				C17205E924B8EE3D0058A6A6 /* Base */,
			);
			name = Main.storyboard;
			sourceTree = "<group>";
		};
		C17205ED24B8EE400058A6A6 /* LaunchScreen.storyboard */ = {
			isa = PBXVariantGroup;
			children = (
				C17205EE24B8EE400058A6A6 /* Base */,
			);
			name = LaunchScreen.storyboard;
			sourceTree = "<group>";
		};
/* End PBXVariantGroup section */

/* Begin XCBuildConfiguration section */
		C17205F124B8EE400058A6A6 /* Debug */ = {
			isa = XCBuildConfiguration;
			buildSettings = {
				ALWAYS_SEARCH_USER_PATHS = NO;
				CLANG_ANALYZER_NONNULL = YES;
				CLANG_ANALYZER_NUMBER_OBJECT_CONVERSION = YES_AGGRESSIVE;
				CLANG_CXX_LANGUAGE_STANDARD = "gnu++14";
				CLANG_CXX_LIBRARY = "libc++";
				CLANG_ENABLE_MODULES = YES;
				CLANG_ENABLE_OBJC_ARC = YES;
				CLANG_ENABLE_OBJC_WEAK = YES;
				CLANG_WARN_BLOCK_CAPTURE_AUTORELEASING = YES;
				CLANG_WARN_BOOL_CONVERSION = YES;
				CLANG_WARN_COMMA = YES;
				CLANG_WARN_CONSTANT_CONVERSION = YES;
				CLANG_WARN_DEPRECATED_OBJC_IMPLEMENTATIONS = YES;
				CLANG_WARN_DIRECT_OBJC_ISA_USAGE = YES_ERROR;
				CLANG_WARN_DOCUMENTATION_COMMENTS = YES;
				CLANG_WARN_EMPTY_BODY = YES;
				CLANG_WARN_ENUM_CONVERSION = YES;
				CLANG_WARN_INFINITE_RECURSION = YES;
				CLANG_WARN_INT_CONVERSION = YES;
				CLANG_WARN_NON_LITERAL_NULL_CONVERSION = YES;
				CLANG_WARN_OBJC_IMPLICIT_RETAIN_SELF = YES;
				CLANG_WARN_OBJC_LITERAL_CONVERSION = YES;
				CLANG_WARN_OBJC_ROOT_CLASS = YES_ERROR;
				CLANG_WARN_RANGE_LOOP_ANALYSIS = YES;
				CLANG_WARN_STRICT_PROTOTYPES = YES;
				CLANG_WARN_SUSPICIOUS_MOVE = YES;
				CLANG_WARN_UNGUARDED_AVAILABILITY = YES_AGGRESSIVE;
				CLANG_WARN_UNREACHABLE_CODE = YES;
				CLANG_WARN__DUPLICATE_METHOD_MATCH = YES;
				COPY_PHASE_STRIP = NO;
				DEBUG_INFORMATION_FORMAT = dwarf;
				ENABLE_STRICT_OBJC_MSGSEND = YES;
				ENABLE_TESTABILITY = YES;
				GCC_C_LANGUAGE_STANDARD = gnu11;
				GCC_DYNAMIC_NO_PIC = NO;
				GCC_NO_COMMON_BLOCKS = YES;
				GCC_OPTIMIZATION_LEVEL = 0;
				GCC_PREPROCESSOR_DEFINITIONS = (
					"DEBUG=1",
					"$(inherited)",
				);
				GCC_WARN_64_TO_32_BIT_CONVERSION = YES;
				GCC_WARN_ABOUT_RETURN_TYPE = YES_ERROR;
				GCC_WARN_UNDECLARED_SELECTOR = YES;
				GCC_WARN_UNINITIALIZED_AUTOS = YES_AGGRESSIVE;
				GCC_WARN_UNUSED_FUNCTION = YES;
				GCC_WARN_UNUSED_VARIABLE = YES;
				IPHONEOS_DEPLOYMENT_TARGET = 13.2;
				MTL_ENABLE_DEBUG_INFO = INCLUDE_SOURCE;
				MTL_FAST_MATH = YES;
				ONLY_ACTIVE_ARCH = YES;
				SDKROOT = iphoneos;
				SWIFT_ACTIVE_COMPILATION_CONDITIONS = DEBUG;
				SWIFT_OPTIMIZATION_LEVEL = "-Onone";
			};
			name = Debug;
		};
		C17205F224B8EE400058A6A6 /* Release */ = {
			isa = XCBuildConfiguration;
			buildSettings = {
				ALWAYS_SEARCH_USER_PATHS = NO;
				CLANG_ANALYZER_NONNULL = YES;
				CLANG_ANALYZER_NUMBER_OBJECT_CONVERSION = YES_AGGRESSIVE;
				CLANG_CXX_LANGUAGE_STANDARD = "gnu++14";
				CLANG_CXX_LIBRARY = "libc++";
				CLANG_ENABLE_MODULES = YES;
				CLANG_ENABLE_OBJC_ARC = YES;
				CLANG_ENABLE_OBJC_WEAK = YES;
				CLANG_WARN_BLOCK_CAPTURE_AUTORELEASING = YES;
				CLANG_WARN_BOOL_CONVERSION = YES;
				CLANG_WARN_COMMA = YES;
				CLANG_WARN_CONSTANT_CONVERSION = YES;
				CLANG_WARN_DEPRECATED_OBJC_IMPLEMENTATIONS = YES;
				CLANG_WARN_DIRECT_OBJC_ISA_USAGE = YES_ERROR;
				CLANG_WARN_DOCUMENTATION_COMMENTS = YES;
				CLANG_WARN_EMPTY_BODY = YES;
				CLANG_WARN_ENUM_CONVERSION = YES;
				CLANG_WARN_INFINITE_RECURSION = YES;
				CLANG_WARN_INT_CONVERSION = YES;
				CLANG_WARN_NON_LITERAL_NULL_CONVERSION = YES;
				CLANG_WARN_OBJC_IMPLICIT_RETAIN_SELF = YES;
				CLANG_WARN_OBJC_LITERAL_CONVERSION = YES;
				CLANG_WARN_OBJC_ROOT_CLASS = YES_ERROR;
				CLANG_WARN_RANGE_LOOP_ANALYSIS = YES;
				CLANG_WARN_STRICT_PROTOTYPES = YES;
				CLANG_WARN_SUSPICIOUS_MOVE = YES;
				CLANG_WARN_UNGUARDED_AVAILABILITY = YES_AGGRESSIVE;
				CLANG_WARN_UNREACHABLE_CODE = YES;
				CLANG_WARN__DUPLICATE_METHOD_MATCH = YES;
				COPY_PHASE_STRIP = NO;
				DEBUG_INFORMATION_FORMAT = "dwarf-with-dsym";
				ENABLE_NS_ASSERTIONS = NO;
				ENABLE_STRICT_OBJC_MSGSEND = YES;
				GCC_C_LANGUAGE_STANDARD = gnu11;
				GCC_NO_COMMON_BLOCKS = YES;
				GCC_WARN_64_TO_32_BIT_CONVERSION = YES;
				GCC_WARN_ABOUT_RETURN_TYPE = YES_ERROR;
				GCC_WARN_UNDECLARED_SELECTOR = YES;
				GCC_WARN_UNINITIALIZED_AUTOS = YES_AGGRESSIVE;
				GCC_WARN_UNUSED_FUNCTION = YES;
				GCC_WARN_UNUSED_VARIABLE = YES;
				IPHONEOS_DEPLOYMENT_TARGET = 13.2;
				MTL_ENABLE_DEBUG_INFO = NO;
				MTL_FAST_MATH = YES;
				SDKROOT = iphoneos;
				SWIFT_COMPILATION_MODE = wholemodule;
				SWIFT_OPTIMIZATION_LEVEL = "-O";
				VALIDATE_PRODUCT = YES;
			};
			name = Release;
		};
		C17205F424B8EE400058A6A6 /* Debug */ = {
			isa = XCBuildConfiguration;
			buildSettings = {
				ASSETCATALOG_COMPILER_APPICON_NAME = AppIcon;
				CODE_SIGN_STYLE = Automatic;
				DEVELOPMENT_TEAM = XY6YU58XVQ;
				INFOPLIST_FILE = SwipeShrinkExample/Info.plist;
				LD_RUNPATH_SEARCH_PATHS = (
					"$(inherited)",
					"@executable_path/Frameworks",
				);
				PRODUCT_BUNDLE_IDENTIFIER = com.mucahideyvaz.SwipeShrinkExample;
				PRODUCT_NAME = "$(TARGET_NAME)";
				SWIFT_VERSION = 5.0;
				TARGETED_DEVICE_FAMILY = 1;
			};
			name = Debug;
		};
		C17205F524B8EE400058A6A6 /* Release */ = {
			isa = XCBuildConfiguration;
			buildSettings = {
				ASSETCATALOG_COMPILER_APPICON_NAME = AppIcon;
				CODE_SIGN_STYLE = Automatic;
				DEVELOPMENT_TEAM = XY6YU58XVQ;
				INFOPLIST_FILE = SwipeShrinkExample/Info.plist;
				LD_RUNPATH_SEARCH_PATHS = (
					"$(inherited)",
					"@executable_path/Frameworks",
				);
				PRODUCT_BUNDLE_IDENTIFIER = com.mucahideyvaz.SwipeShrinkExample;
				PRODUCT_NAME = "$(TARGET_NAME)";
				SWIFT_VERSION = 5.0;
				TARGETED_DEVICE_FAMILY = 1;
			};
			name = Release;
		};
/* End XCBuildConfiguration section */

/* Begin XCConfigurationList section */
		C17205DA24B8EE3D0058A6A6 /* Build configuration list for PBXProject "SwipeShrinkExample" */ = {
			isa = XCConfigurationList;
			buildConfigurations = (
				C17205F124B8EE400058A6A6 /* Debug */,
				C17205F224B8EE400058A6A6 /* Release */,
			);
			defaultConfigurationIsVisible = 0;
			defaultConfigurationName = Release;
		};
		C17205F324B8EE400058A6A6 /* Build configuration list for PBXNativeTarget "SwipeShrinkExample" */ = {
			isa = XCConfigurationList;
			buildConfigurations = (
				C17205F424B8EE400058A6A6 /* Debug */,
				C17205F524B8EE400058A6A6 /* Release */,
			);
			defaultConfigurationIsVisible = 0;
			defaultConfigurationName = Release;
		};
/* End XCConfigurationList section */

/* Begin XCRemoteSwiftPackageReference section */
		C17205F824B8F5680058A6A6 /* XCRemoteSwiftPackageReference "SnapKit" */ = {
			isa = XCRemoteSwiftPackageReference;
			repositoryURL = "https://github.com/SnapKit/SnapKit.git";
			requirement = {
				kind = upToNextMajorVersion;
				minimumVersion = 5.0.1;
			};
		};
/* End XCRemoteSwiftPackageReference section */

/* Begin XCSwiftPackageProductDependency section */
		C17205F924B8F5680058A6A6 /* SnapKit */ = {
			isa = XCSwiftPackageProductDependency;
			package = C17205F824B8F5680058A6A6 /* XCRemoteSwiftPackageReference "SnapKit" */;
			productName = SnapKit;
		};
/* End XCSwiftPackageProductDependency section */
	};
	rootObject = C17205D724B8EE3D0058A6A6 /* Project object */;
}
